{
  "originHash" : "193e4d19cec28865da650b36697751e5bd296f3934b1e7a43785eb14c48a5a54",
  "pins" : [
    {
      "identity" : "sqlcipher.swift",
      "kind" : "remoteSourceControl",
      "location" : "https://github.com/sqlcipher/SQLCipher.swift.git",
      "state" : {
        "revision" : "07bf6bc2191a063d6f1e7c3b5f276a3fadfe36b7",
        "version" : "4.16.0"
      }
    },
    {
      "identity" : "zxing-cpp",
      "kind" : "remoteSourceControl",
      "location" : "https://github.com/zxing-cpp/zxing-cpp.git",
      "state" : {
        "revision" : "287c85df6f961c8efbfb5ffd736cd9457b8b890e",
        "version" : "3.1.1"
      }
    }
  ],
  "version" : 3
}
