{
  "originHash" : "af640b8d830e22e14a5d5a7e3e19baceaff0eb2b7d28a6227165755312d70308",
  "pins" : [
    {
      "identity" : "sqlcipher.swift",
      "kind" : "remoteSourceControl",
      "location" : "https://github.com/sqlcipher/SQLCipher.swift.git",
      "state" : {
        "revision" : "39f212458aeb88e33bdac2200a793a3f0d55d32b",
        "version" : "4.19.0"
      }
    },
    {
      "identity" : "zxing-cpp",
      "kind" : "remoteSourceControl",
      "location" : "https://github.com/zxing-cpp/zxing-cpp.git",
      "state" : {
        "revision" : "287c85df6f961c8efbfb5ffd736cd9457b8b890e",
        "version" : "3.1.1"
      }
    }
  ],
  "version" : 3
}
