PODS:
  - JOSESwift (3.0.0)
  - waltid_crypto_ios (1.0):
    - JOSESwift (= 3.0.0)

DEPENDENCIES:
  - waltid_crypto_ios (from `../../waltid-libraries/crypto/waltid-crypto-ios/build/cocoapods/publish/debug/waltid_crypto_ios.podspec`)

SPEC REPOS:
  trunk:
    - JOSESwift

EXTERNAL SOURCES:
  waltid_crypto_ios:
    :path: "../../waltid-libraries/crypto/waltid-crypto-ios/build/cocoapods/publish/debug/waltid_crypto_ios.podspec"

SPEC CHECKSUMS:
  JOSESwift: 7784b1b844194d0f534eb6ac4fba5af683bccc79
  waltid_crypto_ios: da168e0a1e27deff93925c1f8e44a34ba90b3265

PODFILE CHECKSUM: 6dd1455e42123701981a8a466b6f39a4aaa01edd

COCOAPODS: 1.15.2
