PODS:
  - JOSESwift (2.4.0)
  - waltid_crypto_ios (1.0):
    - JOSESwift (= 2.4.0)

DEPENDENCIES:
  - waltid_crypto_ios (from `../build/cocoapods/publish/debug/waltid_crypto_ios.podspec`)

SPEC REPOS:
  trunk:
    - JOSESwift

EXTERNAL SOURCES:
  waltid_crypto_ios:
    :path: "../build/cocoapods/publish/debug/waltid_crypto_ios.podspec"

SPEC CHECKSUMS:
  JOSESwift: 7ff178bb9173ff42c6e990929a9f2fa702a34f69
  waltid_crypto_ios: bda706404e737bbd7c3f75b026910a09f3d96313

PODFILE CHECKSUM: bdc8799297434b3cce0dc098440fe56887e74b3f

COCOAPODS: 1.15.2
