{
  "originHash" : "f47e7e35411404321b4d66e1be39f9a23213aa08885a0dbe5dc0e5a38028f3b3",
  "pins" : [
    {
      "identity" : "sqlcipher.swift",
      "kind" : "remoteSourceControl",
      "location" : "https://github.com/sqlcipher/SQLCipher.swift.git",
      "state" : {
        "revision" : "39f212458aeb88e33bdac2200a793a3f0d55d32b",
        "version" : "4.19.0"
      }
    }
  ],
  "version" : 3
}
