{
  "originHash" : "88400883fbac06deafe23a9d9309db12e2dae34714d7e7fe7e82f34795185e08",
  "pins" : [
    {
      "identity" : "sqlcipher.swift",
      "kind" : "remoteSourceControl",
      "location" : "https://github.com/sqlcipher/SQLCipher.swift.git",
      "state" : {
        "revision" : "07bf6bc2191a063d6f1e7c3b5f276a3fadfe36b7",
        "version" : "4.16.0"
      }
    }
  ],
  "version" : 3
}
