{
  "name": "mdoc-example",
  "version": "1.0.0",
  "lockfileVersion": 3,
  "requires": true,
  "packages": {
    "": {
      "name": "mdoc-example",
      "version": "1.0.0",
      "license": "ISC",
      "dependencies": {
        "cose-js": "^0.9.0",
        "jose": "^4.15.5",
        "waltid-mdoc": "^1.2312081100.0"
      }
    },
    "../../build/productionLibrary": {
      "name": "waltid-mdoc",
      "version": "1.0.0-SNAPSHOT",
      "extraneous": true,
      "dependencies": {
        "@js-joda/core": "3.2.0"
      },
      "devDependencies": {
        "source-map-support": "0.5.21",
        "typescript": "4.7.4"
      }
    },
    "node_modules/@js-joda/core": {
      "version": "3.2.0",
      "resolved": "https://registry.npmjs.org/@js-joda/core/-/core-3.2.0.tgz",
      "integrity": "sha512-PMqgJ0sw5B7FKb2d5bWYIoxjri+QlW/Pys7+Rw82jSH0QN3rB05jZ/VrrsUdh1w4+i2kw9JOejXGq/KhDOX7Kg=="
    },
    "node_modules/aes-cbc-mac": {
      "version": "1.0.1",
      "resolved": "https://registry.npmjs.org/aes-cbc-mac/-/aes-cbc-mac-1.0.1.tgz",
      "integrity": "sha512-F1U0qNBNyrW82LRdQvYWKOpljZFnJ9LBUGWNCzCBTC3/+Fki77KgDrfJ+rBVlCpcmMT3jDEGhG61RMVeyHAKog=="
    },
    "node_modules/any-promise": {
      "version": "1.3.0",
      "resolved": "https://registry.npmjs.org/any-promise/-/any-promise-1.3.0.tgz",
      "integrity": "sha512-7UvmKalWRt1wgjL1RrGxoSJW/0QZFIegpeGvZG9kjp8vrRu55XTHbwnqq2GpXm9uLbcuhxm3IqX9OB4MZR1b2A=="
    },
    "node_modules/asn1": {
      "version": "0.2.6",
      "resolved": "https://registry.npmjs.org/asn1/-/asn1-0.2.6.tgz",
      "integrity": "sha512-ix/FxPn0MDjeyJ7i/yoHGFt/EX6LyNbxSEhPPXODPL+KB0VPk86UYfL0lMdy+KCnv+fmvIzySwaK5COwqVbWTQ==",
      "dependencies": {
        "safer-buffer": "~2.1.0"
      }
    },
    "node_modules/bn.js": {
      "version": "4.12.0",
      "resolved": "https://registry.npmjs.org/bn.js/-/bn.js-4.12.0.tgz",
      "integrity": "sha512-c98Bf3tPniI+scsdk237ku1Dc3ujXQTSgyiPUDEOe7tRkhrqridvh8klBv0HCEso1OLOYcHuCv/cS6DNxKH+ZA=="
    },
    "node_modules/brorand": {
      "version": "1.1.0",
      "resolved": "https://registry.npmjs.org/brorand/-/brorand-1.1.0.tgz",
      "integrity": "sha512-cKV8tMCEpQs4hK/ik71d6LrPOnpkpGBR0wzxqr68g2m/LB2GxVYQroAjMJZRVM1Y4BCjCKc3vAamxSzOY2RP+w=="
    },
    "node_modules/cbor": {
      "version": "8.1.0",
      "resolved": "https://registry.npmjs.org/cbor/-/cbor-8.1.0.tgz",
      "integrity": "sha512-DwGjNW9omn6EwP70aXsn7FQJx5kO12tX0bZkaTjzdVFM6/7nhA4t0EENocKGx6D2Bch9PE2KzCUf5SceBdeijg==",
      "dependencies": {
        "nofilter": "^3.1.0"
      },
      "engines": {
        "node": ">=12.19"
      }
    },
    "node_modules/cose-js": {
      "version": "0.9.0",
      "resolved": "https://registry.npmjs.org/cose-js/-/cose-js-0.9.0.tgz",
      "integrity": "sha512-iYQvus+3LmjqXE2VkNKPQMZ5x+frSrk7WfSB7asTHYqpBuAG1ezdUEqJ5lXDuGoLbOSDOFAIgslawjkI2fX/hQ==",
      "dependencies": {
        "aes-cbc-mac": "^1.0.1",
        "any-promise": "^1.3.0",
        "cbor": "^8.1.0",
        "elliptic": "^6.4.0",
        "node-hkdf-sync": "^1.0.0",
        "node-rsa": "^1.1.1"
      },
      "engines": {
        "node": ">=12.0"
      }
    },
    "node_modules/elliptic": {
      "version": "6.5.4",
      "resolved": "https://registry.npmjs.org/elliptic/-/elliptic-6.5.4.tgz",
      "integrity": "sha512-iLhC6ULemrljPZb+QutR5TQGB+pdW6KGD5RSegS+8sorOZT+rdQFbsQFJgvN3eRqNALqJer4oQ16YvJHlU8hzQ==",
      "dependencies": {
        "bn.js": "^4.11.9",
        "brorand": "^1.1.0",
        "hash.js": "^1.0.0",
        "hmac-drbg": "^1.0.1",
        "inherits": "^2.0.4",
        "minimalistic-assert": "^1.0.1",
        "minimalistic-crypto-utils": "^1.0.1"
      }
    },
    "node_modules/eyes": {
      "version": "0.1.8",
      "resolved": "https://registry.npmjs.org/eyes/-/eyes-0.1.8.tgz",
      "integrity": "sha512-GipyPsXO1anza0AOZdy69Im7hGFCNB7Y/NGjDlZGJ3GJJLtwNSb2vrzYrTYJRrRloVx7pl+bhUaTB8yiccPvFQ==",
      "engines": {
        "node": "> 0.1.90"
      }
    },
    "node_modules/hash.js": {
      "version": "1.1.7",
      "resolved": "https://registry.npmjs.org/hash.js/-/hash.js-1.1.7.tgz",
      "integrity": "sha512-taOaskGt4z4SOANNseOviYDvjEJinIkRgmp7LbKP2YTTmVxWBl87s/uzK9r+44BclBSp2X7K1hqeNfz9JbBeXA==",
      "dependencies": {
        "inherits": "^2.0.3",
        "minimalistic-assert": "^1.0.1"
      }
    },
    "node_modules/hmac-drbg": {
      "version": "1.0.1",
      "resolved": "https://registry.npmjs.org/hmac-drbg/-/hmac-drbg-1.0.1.tgz",
      "integrity": "sha512-Tti3gMqLdZfhOQY1Mzf/AanLiqh1WTiJgEj26ZuYQ9fbkLomzGchCws4FyrSd4VkpBfiNhaE1On+lOz894jvXg==",
      "dependencies": {
        "hash.js": "^1.0.3",
        "minimalistic-assert": "^1.0.0",
        "minimalistic-crypto-utils": "^1.0.1"
      }
    },
    "node_modules/inherits": {
      "version": "2.0.4",
      "resolved": "https://registry.npmjs.org/inherits/-/inherits-2.0.4.tgz",
      "integrity": "sha512-k/vGaX4/Yla3WzyMCvTQOXYeIHvqOKtnqBduzTHpzpQZzAskKMhZ2K+EnBiSM9zGSoIFeMpXKxa4dYeZIQqewQ=="
    },
    "node_modules/jose": {
      "version": "4.15.5",
      "resolved": "https://registry.npmjs.org/jose/-/jose-4.15.5.tgz",
      "integrity": "sha512-jc7BFxgKPKi94uOvEmzlSWFFe2+vASyXaKUpdQKatWAESU2MWjDfFf0fdfc83CDKcA5QecabZeNLyfhe3yKNkg==",
      "funding": {
        "url": "https://github.com/sponsors/panva"
      }
    },
    "node_modules/minimalistic-assert": {
      "version": "1.0.1",
      "resolved": "https://registry.npmjs.org/minimalistic-assert/-/minimalistic-assert-1.0.1.tgz",
      "integrity": "sha512-UtJcAD4yEaGtjPezWuO9wC4nwUnVH/8/Im3yEHQP4b67cXlD/Qr9hdITCU1xDbSEXg2XKNaP8jsReV7vQd00/A=="
    },
    "node_modules/minimalistic-crypto-utils": {
      "version": "1.0.1",
      "resolved": "https://registry.npmjs.org/minimalistic-crypto-utils/-/minimalistic-crypto-utils-1.0.1.tgz",
      "integrity": "sha512-JIYlbt6g8i5jKfJ3xz7rF0LXmv2TkDxBLUkiBeZ7bAx4GnnNMr8xFpGnOxn6GhTEHx3SjRrZEoU+j04prX1ktg=="
    },
    "node_modules/node-hkdf-sync": {
      "version": "1.0.0",
      "resolved": "https://registry.npmjs.org/node-hkdf-sync/-/node-hkdf-sync-1.0.0.tgz",
      "integrity": "sha512-dKe4X44YGLxPITIMdbnVw0URGTLw2lUUKmClar5iz53ZRrl3xGKk3k7KsBASRMHGh6bJCE1Gmuirb/QaL7rJuw==",
      "dependencies": {
        "vows": "0.5.13"
      },
      "engines": {
        "node": ">= 0.6.5"
      }
    },
    "node_modules/node-rsa": {
      "version": "1.1.1",
      "resolved": "https://registry.npmjs.org/node-rsa/-/node-rsa-1.1.1.tgz",
      "integrity": "sha512-Jd4cvbJMryN21r5HgxQOpMEqv+ooke/korixNNK3mGqfGJmy0M77WDDzo/05969+OkMy3XW1UuZsSmW9KQm7Fw==",
      "dependencies": {
        "asn1": "^0.2.4"
      }
    },
    "node_modules/nofilter": {
      "version": "3.1.0",
      "resolved": "https://registry.npmjs.org/nofilter/-/nofilter-3.1.0.tgz",
      "integrity": "sha512-l2NNj07e9afPnhAhvgVrCD/oy2Ai1yfLpuo3EpiO1jFTsB4sFz6oIfAfSZyQzVpkZQ9xS8ZS5g1jCBgq4Hwo0g==",
      "engines": {
        "node": ">=12.19"
      }
    },
    "node_modules/safer-buffer": {
      "version": "2.1.2",
      "resolved": "https://registry.npmjs.org/safer-buffer/-/safer-buffer-2.1.2.tgz",
      "integrity": "sha512-YZo3K82SD7Riyi0E1EQPojLz7kpepnSQI9IyPbHHg1XXXevb5dJI7tpyN2ADxGcQbHG7vcyRHk0cbwqcQriUtg=="
    },
    "node_modules/vows": {
      "version": "0.5.13",
      "resolved": "https://registry.npmjs.org/vows/-/vows-0.5.13.tgz",
      "integrity": "sha512-m2+3s/ITbI95b7uzsBnA7oZg7/bJZFb+sKp2TUvomrIQxjtuNOivf/yOxAAyhEAX8gkIogoXfBJRmj9ys8r3gQ==",
      "dependencies": {
        "eyes": ">=0.1.6"
      },
      "bin": {
        "vows": "bin/vows"
      },
      "engines": {
        "node": ">=0.2.6"
      }
    },
    "node_modules/waltid-mdoc": {
      "version": "1.2312081100.0",
      "resolved": "https://registry.npmjs.org/waltid-mdoc/-/waltid-mdoc-1.2312081100.0.tgz",
      "integrity": "sha512-DVMS6W6M/RxEYYVKJMkiIoOU7CbzoCCaWhqkB5RIIQeXOuxrsJGLFRbxkOkZNM5xJ4F/4FvQehpOrOTWVdCvjA==",
      "dependencies": {
        "@js-joda/core": "3.2.0",
        "cose-js": "0.9.0"
      }
    }
  }
}
